// !$*UTF8*$!
{
	archiveVersion = 1;
	classes = {
	};
	objectVersion = 46;
	objects = {

/* Begin PBXBuildFile section */
		B3197F791D11072400C167B5 /* AppDelegate.swift in Sources */ = {isa = PBXBuildFile; fileRef = B3197F781D11072400C167B5 /* AppDelegate.swift */; };
		B3197F7B1D11072400C167B5 /* HomeViewController.swift in Sources */ = {isa = PBXBuildFile; fileRef = B3197F7A1D11072400C167B5 /* HomeViewController.swift */; };
		B3197F7E1D11072400C167B5 /* Main.storyboard in Resources */ = {isa = PBXBuildFile; fileRef = B3197F7C1D11072400C167B5 /* Main.storyboard */; };
		B3197F801D11072400C167B5 /* Assets.xcassets in Resources */ = {isa = PBXBuildFile; fileRef = B3197F7F1D11072400C167B5 /* Assets.xcassets */; };
		B3197F831D11072400C167B5 /* LaunchScreen.storyboard in Resources */ = {isa = PBXBuildFile; fileRef = B3197F811D11072400C167B5 /* LaunchScreen.storyboard */; };
		B36473191D17AEEA002A6084 /* Extentions.swift in Sources */ = {isa = PBXBuildFile; fileRef = B36473181D17AEEA002A6084 /* Extentions.swift */; };
		B364731D1D17AFC1002A6084 /* VideoCell.swift in Sources */ = {isa = PBXBuildFile; fileRef = B364731C1D17AFC1002A6084 /* VideoCell.swift */; };
/* End PBXBuildFile section */

/* Begin PBXFileReference section */
		B3197F751D11072400C167B5 /* YouTube_HomeFeed.app */ = {isa = PBXFileReference; explicitFileType = wrapper.application; includeInIndex = 0; path = YouTube_HomeFeed.app; sourceTree = BUILT_PRODUCTS_DIR; };
		B3197F781D11072400C167B5 /* AppDelegate.swift */ = {isa = PBXFileReference; lastKnownFileType = sourcecode.swift; path = AppDelegate.swift; sourceTree = "<group>"; };
		B3197F7A1D11072400C167B5 /* HomeViewController.swift */ = {isa = PBXFileReference; lastKnownFileType = sourcecode.swift; path = HomeViewController.swift; sourceTree = "<group>"; };
		B3197F7D1D11072400C167B5 /* Base */ = {isa = PBXFileReference; lastKnownFileType = file.storyboard; name = Base; path = Base.lproj/Main.storyboard; sourceTree = "<group>"; };
		B3197F7F1D11072400C167B5 /* Assets.xcassets */ = {isa = PBXFileReference; lastKnownFileType = folder.assetcatalog; path = Assets.xcassets; sourceTree = "<group>"; };
		B3197F821D11072400C167B5 /* Base */ = {isa = PBXFileReference; lastKnownFileType = file.storyboard; name = Base; path = Base.lproj/LaunchScreen.storyboard; sourceTree = "<group>"; };
		B3197F841D11072400C167B5 /* Info.plist */ = {isa = PBXFileReference; lastKnownFileType = text.plist.xml; path = Info.plist; sourceTree = "<group>"; };
		B36473181D17AEEA002A6084 /* Extentions.swift */ = {isa = PBXFileReference; fileEncoding = 4; lastKnownFileType = sourcecode.swift; path = Extentions.swift; sourceTree = "<group>"; };
		B364731C1D17AFC1002A6084 /* VideoCell.swift */ = {isa = PBXFileReference; fileEncoding = 4; lastKnownFileType = sourcecode.swift; path = VideoCell.swift; sourceTree = "<group>"; };
/* End PBXFileReference section */

/* Begin PBXFrameworksBuildPhase section */
		B3197F721D11072400C167B5 /* Frameworks */ = {
			isa = PBXFrameworksBuildPhase;
			buildActionMask = 2147483647;
			files = (
			);
			runOnlyForDeploymentPostprocessing = 0;
		};
/* End PBXFrameworksBuildPhase section */

/* Begin PBXGroup section */
		B3197F6C1D11072400C167B5 = {
			isa = PBXGroup;
			children = (
				B3197F771D11072400C167B5 /* YouTube_HomeFeed */,
				B3197F761D11072400C167B5 /* Products */,
			);
			sourceTree = "<group>";
		};
		B3197F761D11072400C167B5 /* Products */ = {
			isa = PBXGroup;
			children = (
				B3197F751D11072400C167B5 /* YouTube_HomeFeed.app */,
			);
			name = Products;
			sourceTree = "<group>";
		};
		B3197F771D11072400C167B5 /* YouTube_HomeFeed */ = {
			isa = PBXGroup;
			children = (
				B364731E1D17B00E002A6084 /* Controller */,
				B364731B1D17AF90002A6084 /* View */,
				B36473171D17AEBF002A6084 /* Helpers */,
				B3197F781D11072400C167B5 /* AppDelegate.swift */,
				B3197F7C1D11072400C167B5 /* Main.storyboard */,
				B3197F7F1D11072400C167B5 /* Assets.xcassets */,
				B3197F811D11072400C167B5 /* LaunchScreen.storyboard */,
				B3197F841D11072400C167B5 /* Info.plist */,
			);
			path = YouTube_HomeFeed;
			sourceTree = "<group>";
		};
		B36473171D17AEBF002A6084 /* Helpers */ = {
			isa = PBXGroup;
			children = (
				B36473181D17AEEA002A6084 /* Extentions.swift */,
			);
			name = Helpers;
			sourceTree = "<group>";
		};
		B364731B1D17AF90002A6084 /* View */ = {
			isa = PBXGroup;
			children = (
				B364731C1D17AFC1002A6084 /* VideoCell.swift */,
			);
			name = View;
			sourceTree = "<group>";
		};
		B364731E1D17B00E002A6084 /* Controller */ = {
			isa = PBXGroup;
			children = (
				B3197F7A1D11072400C167B5 /* HomeViewController.swift */,
			);
			name = Controller;
			sourceTree = "<group>";
		};
/* End PBXGroup section */

/* Begin PBXNativeTarget section */
		B3197F741D11072400C167B5 /* YouTube_HomeFeed */ = {
			isa = PBXNativeTarget;
			buildConfigurationList = B3197F871D11072400C167B5 /* Build configuration list for PBXNativeTarget "YouTube_HomeFeed" */;
			buildPhases = (
				B3197F711D11072400C167B5 /* Sources */,
				B3197F721D11072400C167B5 /* Frameworks */,
				B3197F731D11072400C167B5 /* Resources */,
			);
			buildRules = (
			);
			dependencies = (
			);
			name = YouTube_HomeFeed;
			productName = YouTube_HomeFeed;
			productReference = B3197F751D11072400C167B5 /* YouTube_HomeFeed.app */;
			productType = "com.apple.product-type.application";
		};
/* End PBXNativeTarget section */

/* Begin PBXProject section */
		B3197F6D1D11072400C167B5 /* Project object */ = {
			isa = PBXProject;
			attributes = {
				LastSwiftUpdateCheck = 0730;
				LastUpgradeCheck = 0730;
				ORGANIZATIONNAME = Rui;
				TargetAttributes = {
					B3197F741D11072400C167B5 = {
						CreatedOnToolsVersion = 7.3.1;
					};
				};
			};
			buildConfigurationList = B3197F701D11072400C167B5 /* Build configuration list for PBXProject "YouTube_HomeFeed" */;
			compatibilityVersion = "Xcode 3.2";
			developmentRegion = English;
			hasScannedForEncodings = 0;
			knownRegions = (
				en,
				Base,
			);
			mainGroup = B3197F6C1D11072400C167B5;
			productRefGroup = B3197F761D11072400C167B5 /* Products */;
			projectDirPath = "";
			projectRoot = "";
			targets = (
				B3197F741D11072400C167B5 /* YouTube_HomeFeed */,
			);
		};
/* End PBXProject section */

/* Begin PBXResourcesBuildPhase section */
		B3197F731D11072400C167B5 /* Resources */ = {
			isa = PBXResourcesBuildPhase;
			buildActionMask = 2147483647;
			files = (
				B3197F831D11072400C167B5 /* LaunchScreen.storyboard in Resources */,
				B3197F801D11072400C167B5 /* Assets.xcassets in Resources */,
				B3197F7E1D11072400C167B5 /* Main.storyboard in Resources */,
			);
			runOnlyForDeploymentPostprocessing = 0;
		};
/* End PBXResourcesBuildPhase section */

/* Begin PBXSourcesBuildPhase section */
		B3197F711D11072400C167B5 /* Sources */ = {
			isa = PBXSourcesBuildPhase;
			buildActionMask = 2147483647;
			files = (
				B3197F7B1D11072400C167B5 /* HomeViewController.swift in Sources */,
				B364731D1D17AFC1002A6084 /* VideoCell.swift in Sources */,
				B3197F791D11072400C167B5 /* AppDelegate.swift in Sources */,
				B36473191D17AEEA002A6084 /* Extentions.swift in Sources */,
			);
			runOnlyForDeploymentPostprocessing = 0;
		};
/* End PBXSourcesBuildPhase section */

/* Begin PBXVariantGroup section */
		B3197F7C1D11072400C167B5 /* Main.storyboard */ = {
			isa = PBXVariantGroup;
			children = (
				B3197F7D1D11072400C167B5 /* Base */,
			);
			name = Main.storyboard;
			sourceTree = "<group>";
		};
		B3197F811D11072400C167B5 /* LaunchScreen.storyboard */ = {
			isa = PBXVariantGroup;
			children = (
				B3197F821D11072400C167B5 /* Base */,
			);
			name = LaunchScreen.storyboard;
			sourceTree = "<group>";
		};
/* End PBXVariantGroup section */

/* Begin XCBuildConfiguration section */
		B3197F851D11072400C167B5 /* Debug */ = {
			isa = XCBuildConfiguration;
			buildSettings = {
				ALWAYS_SEARCH_USER_PATHS = NO;
				CLANG_ANALYZER_NONNULL = YES;
				CLANG_CXX_LANGUAGE_STANDARD = "gnu++0x";
				CLANG_CXX_LIBRARY = "libc++";
				CLANG_ENABLE_MODULES = YES;
				CLANG_ENABLE_OBJC_ARC = YES;
				CLANG_WARN_BOOL_CONVERSION = YES;
				CLANG_WARN_CONSTANT_CONVERSION = YES;
				CLANG_WARN_DIRECT_OBJC_ISA_USAGE = YES_ERROR;
				CLANG_WARN_EMPTY_BODY = YES;
				CLANG_WARN_ENUM_CONVERSION = YES;
				CLANG_WARN_INT_CONVERSION = YES;
				CLANG_WARN_OBJC_ROOT_CLASS = YES_ERROR;
				CLANG_WARN_UNREACHABLE_CODE = YES;
				CLANG_WARN__DUPLICATE_METHOD_MATCH = YES;
				"CODE_SIGN_IDENTITY[sdk=iphoneos*]" = "iPhone Developer";
				COPY_PHASE_STRIP = NO;
				DEBUG_INFORMATION_FORMAT = dwarf;
				ENABLE_STRICT_OBJC_MSGSEND = YES;
				ENABLE_TESTABILITY = YES;
				GCC_C_LANGUAGE_STANDARD = gnu99;
				GCC_DYNAMIC_NO_PIC = NO;
				GCC_NO_COMMON_BLOCKS = YES;
				GCC_OPTIMIZATION_LEVEL = 0;
				GCC_PREPROCESSOR_DEFINITIONS = (
					"DEBUG=1",
					"$(inherited)",
				);
				GCC_WARN_64_TO_32_BIT_CONVERSION = YES;
				GCC_WARN_ABOUT_RETURN_TYPE = YES_ERROR;
				GCC_WARN_UNDECLARED_SELECTOR = YES;
				GCC_WARN_UNINITIALIZED_AUTOS = YES_AGGRESSIVE;
				GCC_WARN_UNUSED_FUNCTION = YES;
				GCC_WARN_UNUSED_VARIABLE = YES;
				IPHONEOS_DEPLOYMENT_TARGET = 9.3;
				MTL_ENABLE_DEBUG_INFO = YES;
				ONLY_ACTIVE_ARCH = YES;
				SDKROOT = iphoneos;
				SWIFT_OPTIMIZATION_LEVEL = "-Onone";
			};
			name = Debug;
		};
		B3197F861D11072400C167B5 /* Release */ = {
			isa = XCBuildConfiguration;
			buildSettings = {
				ALWAYS_SEARCH_USER_PATHS = NO;
				CLANG_ANALYZER_NONNULL = YES;
				CLANG_CXX_LANGUAGE_STANDARD = "gnu++0x";
				CLANG_CXX_LIBRARY = "libc++";
				CLANG_ENABLE_MODULES = YES;
				CLANG_ENABLE_OBJC_ARC = YES;
				CLANG_WARN_BOOL_CONVERSION = YES;
				CLANG_WARN_CONSTANT_CONVERSION = YES;
				CLANG_WARN_DIRECT_OBJC_ISA_USAGE = YES_ERROR;
				CLANG_WARN_EMPTY_BODY = YES;
				CLANG_WARN_ENUM_CONVERSION = YES;
				CLANG_WARN_INT_CONVERSION = YES;
				CLANG_WARN_OBJC_ROOT_CLASS = YES_ERROR;
				CLANG_WARN_UNREACHABLE_CODE = YES;
				CLANG_WARN__DUPLICATE_METHOD_MATCH = YES;
				"CODE_SIGN_IDENTITY[sdk=iphoneos*]" = "iPhone Developer";
				COPY_PHASE_STRIP = NO;
				DEBUG_INFORMATION_FORMAT = "dwarf-with-dsym";
				ENABLE_NS_ASSERTIONS = NO;
				ENABLE_STRICT_OBJC_MSGSEND = YES;
				GCC_C_LANGUAGE_STANDARD = gnu99;
				GCC_NO_COMMON_BLOCKS = YES;
				GCC_WARN_64_TO_32_BIT_CONVERSION = YES;
				GCC_WARN_ABOUT_RETURN_TYPE = YES_ERROR;
				GCC_WARN_UNDECLARED_SELECTOR = YES;
				GCC_WARN_UNINITIALIZED_AUTOS = YES_AGGRESSIVE;
				GCC_WARN_UNUSED_FUNCTION = YES;
				GCC_WARN_UNUSED_VARIABLE = YES;
				IPHONEOS_DEPLOYMENT_TARGET = 9.3;
				MTL_ENABLE_DEBUG_INFO = NO;
				SDKROOT = iphoneos;
				VALIDATE_PRODUCT = YES;
			};
			name = Release;
		};
		B3197F881D11072400C167B5 /* Debug */ = {
			isa = XCBuildConfiguration;
			buildSettings = {
				ASSETCATALOG_COMPILER_APPICON_NAME = AppIcon;
				INFOPLIST_FILE = YouTube_HomeFeed/Info.plist;
				LD_RUNPATH_SEARCH_PATHS = "$(inherited) @executable_path/Frameworks";
				PRODUCT_BUNDLE_IDENTIFIER = "ruichuang.YouTube-HomeFeed";
				PRODUCT_NAME = "$(TARGET_NAME)";
			};
			name = Debug;
		};
		B3197F891D11072400C167B5 /* Release */ = {
			isa = XCBuildConfiguration;
			buildSettings = {
				ASSETCATALOG_COMPILER_APPICON_NAME = AppIcon;
				INFOPLIST_FILE = YouTube_HomeFeed/Info.plist;
				LD_RUNPATH_SEARCH_PATHS = "$(inherited) @executable_path/Frameworks";
				PRODUCT_BUNDLE_IDENTIFIER = "ruichuang.YouTube-HomeFeed";
				PRODUCT_NAME = "$(TARGET_NAME)";
			};
			name = Release;
		};
/* End XCBuildConfiguration section */

/* Begin XCConfigurationList section */
		B3197F701D11072400C167B5 /* Build configuration list for PBXProject "YouTube_HomeFeed" */ = {
			isa = XCConfigurationList;
			buildConfigurations = (
				B3197F851D11072400C167B5 /* Debug */,
				B3197F861D11072400C167B5 /* Release */,
			);
			defaultConfigurationIsVisible = 0;
			defaultConfigurationName = Release;
		};
		B3197F871D11072400C167B5 /* Build configuration list for PBXNativeTarget "YouTube_HomeFeed" */ = {
			isa = XCConfigurationList;
			buildConfigurations = (
				B3197F881D11072400C167B5 /* Debug */,
				B3197F891D11072400C167B5 /* Release */,
			);
			defaultConfigurationIsVisible = 0;
			defaultConfigurationName = Release;
		};
/* End XCConfigurationList section */
	};
	rootObject = B3197F6D1D11072400C167B5 /* Project object */;
}
