// !$*UTF8*$!
{
	archiveVersion = 1;
	classes = {
	};
	objectVersion = 46;
	objects = {

/* Begin PBXBuildFile section */
		B30BA51B1CE80C7100290CF5 /* data.json in Resources */ = {isa = PBXBuildFile; fileRef = B30BA51A1CE80C7100290CF5 /* data.json */; };
		B3EBAEED1CE569A3004BB346 /* Models.swift in Sources */ = {isa = PBXBuildFile; fileRef = B3EBAEEC1CE569A3004BB346 /* Models.swift */; };
		B3EC6DE31CE2CEEF00BC15B8 /* AppDelegate.swift in Sources */ = {isa = PBXBuildFile; fileRef = B3EC6DE21CE2CEEF00BC15B8 /* AppDelegate.swift */; };
		B3EC6DE51CE2CEEF00BC15B8 /* FearuredAppsViewController.swift in Sources */ = {isa = PBXBuildFile; fileRef = B3EC6DE41CE2CEEF00BC15B8 /* FearuredAppsViewController.swift */; };
		B3EC6DE81CE2CEEF00BC15B8 /* Main.storyboard in Resources */ = {isa = PBXBuildFile; fileRef = B3EC6DE61CE2CEEF00BC15B8 /* Main.storyboard */; };
		B3EC6DEA1CE2CEEF00BC15B8 /* Assets.xcassets in Resources */ = {isa = PBXBuildFile; fileRef = B3EC6DE91CE2CEEF00BC15B8 /* Assets.xcassets */; };
		B3EC6DED1CE2CEEF00BC15B8 /* LaunchScreen.storyboard in Resources */ = {isa = PBXBuildFile; fileRef = B3EC6DEB1CE2CEEF00BC15B8 /* LaunchScreen.storyboard */; };
		B3F6A7791CE2DC34004C2566 /* CategoryCell.swift in Sources */ = {isa = PBXBuildFile; fileRef = B3F6A7781CE2DC34004C2566 /* CategoryCell.swift */; };
/* End PBXBuildFile section */

/* Begin PBXFileReference section */
		B30BA51A1CE80C7100290CF5 /* data.json */ = {isa = PBXFileReference; fileEncoding = 4; lastKnownFileType = text.json; path = data.json; sourceTree = "<group>"; };
		B3EBAEEC1CE569A3004BB346 /* Models.swift */ = {isa = PBXFileReference; fileEncoding = 4; lastKnownFileType = sourcecode.swift; path = Models.swift; sourceTree = "<group>"; };
		B3EC6DDF1CE2CEEF00BC15B8 /* MockAppStore.app */ = {isa = PBXFileReference; explicitFileType = wrapper.application; includeInIndex = 0; path = MockAppStore.app; sourceTree = BUILT_PRODUCTS_DIR; };
		B3EC6DE21CE2CEEF00BC15B8 /* AppDelegate.swift */ = {isa = PBXFileReference; lastKnownFileType = sourcecode.swift; path = AppDelegate.swift; sourceTree = "<group>"; };
		B3EC6DE41CE2CEEF00BC15B8 /* FearuredAppsViewController.swift */ = {isa = PBXFileReference; lastKnownFileType = sourcecode.swift; path = FearuredAppsViewController.swift; sourceTree = "<group>"; };
		B3EC6DE71CE2CEEF00BC15B8 /* Base */ = {isa = PBXFileReference; lastKnownFileType = file.storyboard; name = Base; path = Base.lproj/Main.storyboard; sourceTree = "<group>"; };
		B3EC6DE91CE2CEEF00BC15B8 /* Assets.xcassets */ = {isa = PBXFileReference; lastKnownFileType = folder.assetcatalog; path = Assets.xcassets; sourceTree = "<group>"; };
		B3EC6DEC1CE2CEEF00BC15B8 /* Base */ = {isa = PBXFileReference; lastKnownFileType = file.storyboard; name = Base; path = Base.lproj/LaunchScreen.storyboard; sourceTree = "<group>"; };
		B3EC6DEE1CE2CEEF00BC15B8 /* Info.plist */ = {isa = PBXFileReference; lastKnownFileType = text.plist.xml; path = Info.plist; sourceTree = "<group>"; };
		B3F6A7781CE2DC34004C2566 /* CategoryCell.swift */ = {isa = PBXFileReference; fileEncoding = 4; lastKnownFileType = sourcecode.swift; path = CategoryCell.swift; sourceTree = "<group>"; };
/* End PBXFileReference section */

/* Begin PBXFrameworksBuildPhase section */
		B3EC6DDC1CE2CEEF00BC15B8 /* Frameworks */ = {
			isa = PBXFrameworksBuildPhase;
			buildActionMask = 2147483647;
			files = (
			);
			runOnlyForDeploymentPostprocessing = 0;
		};
/* End PBXFrameworksBuildPhase section */

/* Begin PBXGroup section */
		B3EC6DD61CE2CEEF00BC15B8 = {
			isa = PBXGroup;
			children = (
				B3EC6DE11CE2CEEF00BC15B8 /* MockAppStore */,
				B3EC6DE01CE2CEEF00BC15B8 /* Products */,
			);
			sourceTree = "<group>";
		};
		B3EC6DE01CE2CEEF00BC15B8 /* Products */ = {
			isa = PBXGroup;
			children = (
				B3EC6DDF1CE2CEEF00BC15B8 /* MockAppStore.app */,
			);
			name = Products;
			sourceTree = "<group>";
		};
		B3EC6DE11CE2CEEF00BC15B8 /* MockAppStore */ = {
			isa = PBXGroup;
			children = (
				B3EC6DE21CE2CEEF00BC15B8 /* AppDelegate.swift */,
				B3EC6DE41CE2CEEF00BC15B8 /* FearuredAppsViewController.swift */,
				B3EBAEEC1CE569A3004BB346 /* Models.swift */,
				B3EC6DE61CE2CEEF00BC15B8 /* Main.storyboard */,
				B3EC6DE91CE2CEEF00BC15B8 /* Assets.xcassets */,
				B3EC6DEB1CE2CEEF00BC15B8 /* LaunchScreen.storyboard */,
				B3EC6DEE1CE2CEEF00BC15B8 /* Info.plist */,
				B30BA51A1CE80C7100290CF5 /* data.json */,
				B3F6A7781CE2DC34004C2566 /* CategoryCell.swift */,
			);
			path = MockAppStore;
			sourceTree = "<group>";
		};
/* End PBXGroup section */

/* Begin PBXNativeTarget section */
		B3EC6DDE1CE2CEEF00BC15B8 /* MockAppStore */ = {
			isa = PBXNativeTarget;
			buildConfigurationList = B3EC6DF11CE2CEEF00BC15B8 /* Build configuration list for PBXNativeTarget "MockAppStore" */;
			buildPhases = (
				B3EC6DDB1CE2CEEF00BC15B8 /* Sources */,
				B3EC6DDC1CE2CEEF00BC15B8 /* Frameworks */,
				B3EC6DDD1CE2CEEF00BC15B8 /* Resources */,
			);
			buildRules = (
			);
			dependencies = (
			);
			name = MockAppStore;
			productName = MockAppStore;
			productReference = B3EC6DDF1CE2CEEF00BC15B8 /* MockAppStore.app */;
			productType = "com.apple.product-type.application";
		};
/* End PBXNativeTarget section */

/* Begin PBXProject section */
		B3EC6DD71CE2CEEF00BC15B8 /* Project object */ = {
			isa = PBXProject;
			attributes = {
				LastSwiftUpdateCheck = 0730;
				LastUpgradeCheck = 0730;
				ORGANIZATIONNAME = Rui;
				TargetAttributes = {
					B3EC6DDE1CE2CEEF00BC15B8 = {
						CreatedOnToolsVersion = 7.3.1;
					};
				};
			};
			buildConfigurationList = B3EC6DDA1CE2CEEF00BC15B8 /* Build configuration list for PBXProject "MockAppStore" */;
			compatibilityVersion = "Xcode 3.2";
			developmentRegion = English;
			hasScannedForEncodings = 0;
			knownRegions = (
				en,
				Base,
			);
			mainGroup = B3EC6DD61CE2CEEF00BC15B8;
			productRefGroup = B3EC6DE01CE2CEEF00BC15B8 /* Products */;
			projectDirPath = "";
			projectRoot = "";
			targets = (
				B3EC6DDE1CE2CEEF00BC15B8 /* MockAppStore */,
			);
		};
/* End PBXProject section */

/* Begin PBXResourcesBuildPhase section */
		B3EC6DDD1CE2CEEF00BC15B8 /* Resources */ = {
			isa = PBXResourcesBuildPhase;
			buildActionMask = 2147483647;
			files = (
				B3EC6DED1CE2CEEF00BC15B8 /* LaunchScreen.storyboard in Resources */,
				B3EC6DEA1CE2CEEF00BC15B8 /* Assets.xcassets in Resources */,
				B3EC6DE81CE2CEEF00BC15B8 /* Main.storyboard in Resources */,
				B30BA51B1CE80C7100290CF5 /* data.json in Resources */,
			);
			runOnlyForDeploymentPostprocessing = 0;
		};
/* End PBXResourcesBuildPhase section */

/* Begin PBXSourcesBuildPhase section */
		B3EC6DDB1CE2CEEF00BC15B8 /* Sources */ = {
			isa = PBXSourcesBuildPhase;
			buildActionMask = 2147483647;
			files = (
				B3EC6DE51CE2CEEF00BC15B8 /* FearuredAppsViewController.swift in Sources */,
				B3EC6DE31CE2CEEF00BC15B8 /* AppDelegate.swift in Sources */,
				B3F6A7791CE2DC34004C2566 /* CategoryCell.swift in Sources */,
				B3EBAEED1CE569A3004BB346 /* Models.swift in Sources */,
			);
			runOnlyForDeploymentPostprocessing = 0;
		};
/* End PBXSourcesBuildPhase section */

/* Begin PBXVariantGroup section */
		B3EC6DE61CE2CEEF00BC15B8 /* Main.storyboard */ = {
			isa = PBXVariantGroup;
			children = (
				B3EC6DE71CE2CEEF00BC15B8 /* Base */,
			);
			name = Main.storyboard;
			sourceTree = "<group>";
		};
		B3EC6DEB1CE2CEEF00BC15B8 /* LaunchScreen.storyboard */ = {
			isa = PBXVariantGroup;
			children = (
				B3EC6DEC1CE2CEEF00BC15B8 /* Base */,
			);
			name = LaunchScreen.storyboard;
			sourceTree = "<group>";
		};
/* End PBXVariantGroup section */

/* Begin XCBuildConfiguration section */
		B3EC6DEF1CE2CEEF00BC15B8 /* Debug */ = {
			isa = XCBuildConfiguration;
			buildSettings = {
				ALWAYS_SEARCH_USER_PATHS = NO;
				CLANG_ANALYZER_NONNULL = YES;
				CLANG_CXX_LANGUAGE_STANDARD = "gnu++0x";
				CLANG_CXX_LIBRARY = "libc++";
				CLANG_ENABLE_MODULES = YES;
				CLANG_ENABLE_OBJC_ARC = YES;
				CLANG_WARN_BOOL_CONVERSION = YES;
				CLANG_WARN_CONSTANT_CONVERSION = YES;
				CLANG_WARN_DIRECT_OBJC_ISA_USAGE = YES_ERROR;
				CLANG_WARN_EMPTY_BODY = YES;
				CLANG_WARN_ENUM_CONVERSION = YES;
				CLANG_WARN_INT_CONVERSION = YES;
				CLANG_WARN_OBJC_ROOT_CLASS = YES_ERROR;
				CLANG_WARN_UNREACHABLE_CODE = YES;
				CLANG_WARN__DUPLICATE_METHOD_MATCH = YES;
				"CODE_SIGN_IDENTITY[sdk=iphoneos*]" = "iPhone Developer";
				COPY_PHASE_STRIP = NO;
				DEBUG_INFORMATION_FORMAT = dwarf;
				ENABLE_STRICT_OBJC_MSGSEND = YES;
				ENABLE_TESTABILITY = YES;
				GCC_C_LANGUAGE_STANDARD = gnu99;
				GCC_DYNAMIC_NO_PIC = NO;
				GCC_NO_COMMON_BLOCKS = YES;
				GCC_OPTIMIZATION_LEVEL = 0;
				GCC_PREPROCESSOR_DEFINITIONS = (
					"DEBUG=1",
					"$(inherited)",
				);
				GCC_WARN_64_TO_32_BIT_CONVERSION = YES;
				GCC_WARN_ABOUT_RETURN_TYPE = YES_ERROR;
				GCC_WARN_UNDECLARED_SELECTOR = YES;
				GCC_WARN_UNINITIALIZED_AUTOS = YES_AGGRESSIVE;
				GCC_WARN_UNUSED_FUNCTION = YES;
				GCC_WARN_UNUSED_VARIABLE = YES;
				IPHONEOS_DEPLOYMENT_TARGET = 9.3;
				MTL_ENABLE_DEBUG_INFO = YES;
				ONLY_ACTIVE_ARCH = YES;
				SDKROOT = iphoneos;
				SWIFT_OPTIMIZATION_LEVEL = "-Onone";
			};
			name = Debug;
		};
		B3EC6DF01CE2CEEF00BC15B8 /* Release */ = {
			isa = XCBuildConfiguration;
			buildSettings = {
				ALWAYS_SEARCH_USER_PATHS = NO;
				CLANG_ANALYZER_NONNULL = YES;
				CLANG_CXX_LANGUAGE_STANDARD = "gnu++0x";
				CLANG_CXX_LIBRARY = "libc++";
				CLANG_ENABLE_MODULES = YES;
				CLANG_ENABLE_OBJC_ARC = YES;
				CLANG_WARN_BOOL_CONVERSION = YES;
				CLANG_WARN_CONSTANT_CONVERSION = YES;
				CLANG_WARN_DIRECT_OBJC_ISA_USAGE = YES_ERROR;
				CLANG_WARN_EMPTY_BODY = YES;
				CLANG_WARN_ENUM_CONVERSION = YES;
				CLANG_WARN_INT_CONVERSION = YES;
				CLANG_WARN_OBJC_ROOT_CLASS = YES_ERROR;
				CLANG_WARN_UNREACHABLE_CODE = YES;
				CLANG_WARN__DUPLICATE_METHOD_MATCH = YES;
				"CODE_SIGN_IDENTITY[sdk=iphoneos*]" = "iPhone Developer";
				COPY_PHASE_STRIP = NO;
				DEBUG_INFORMATION_FORMAT = "dwarf-with-dsym";
				ENABLE_NS_ASSERTIONS = NO;
				ENABLE_STRICT_OBJC_MSGSEND = YES;
				GCC_C_LANGUAGE_STANDARD = gnu99;
				GCC_NO_COMMON_BLOCKS = YES;
				GCC_WARN_64_TO_32_BIT_CONVERSION = YES;
				GCC_WARN_ABOUT_RETURN_TYPE = YES_ERROR;
				GCC_WARN_UNDECLARED_SELECTOR = YES;
				GCC_WARN_UNINITIALIZED_AUTOS = YES_AGGRESSIVE;
				GCC_WARN_UNUSED_FUNCTION = YES;
				GCC_WARN_UNUSED_VARIABLE = YES;
				IPHONEOS_DEPLOYMENT_TARGET = 9.3;
				MTL_ENABLE_DEBUG_INFO = NO;
				SDKROOT = iphoneos;
				VALIDATE_PRODUCT = YES;
			};
			name = Release;
		};
		B3EC6DF21CE2CEEF00BC15B8 /* Debug */ = {
			isa = XCBuildConfiguration;
			buildSettings = {
				ASSETCATALOG_COMPILER_APPICON_NAME = AppIcon;
				INFOPLIST_FILE = MockAppStore/Info.plist;
				LD_RUNPATH_SEARCH_PATHS = "$(inherited) @executable_path/Frameworks";
				PRODUCT_BUNDLE_IDENTIFIER = ruichuang.MockAppStore;
				PRODUCT_NAME = "$(TARGET_NAME)";
			};
			name = Debug;
		};
		B3EC6DF31CE2CEEF00BC15B8 /* Release */ = {
			isa = XCBuildConfiguration;
			buildSettings = {
				ASSETCATALOG_COMPILER_APPICON_NAME = AppIcon;
				INFOPLIST_FILE = MockAppStore/Info.plist;
				LD_RUNPATH_SEARCH_PATHS = "$(inherited) @executable_path/Frameworks";
				PRODUCT_BUNDLE_IDENTIFIER = ruichuang.MockAppStore;
				PRODUCT_NAME = "$(TARGET_NAME)";
			};
			name = Release;
		};
/* End XCBuildConfiguration section */

/* Begin XCConfigurationList section */
		B3EC6DDA1CE2CEEF00BC15B8 /* Build configuration list for PBXProject "MockAppStore" */ = {
			isa = XCConfigurationList;
			buildConfigurations = (
				B3EC6DEF1CE2CEEF00BC15B8 /* Debug */,
				B3EC6DF01CE2CEEF00BC15B8 /* Release */,
			);
			defaultConfigurationIsVisible = 0;
			defaultConfigurationName = Release;
		};
		B3EC6DF11CE2CEEF00BC15B8 /* Build configuration list for PBXNativeTarget "MockAppStore" */ = {
			isa = XCConfigurationList;
			buildConfigurations = (
				B3EC6DF21CE2CEEF00BC15B8 /* Debug */,
				B3EC6DF31CE2CEEF00BC15B8 /* Release */,
			);
			defaultConfigurationIsVisible = 0;
			defaultConfigurationName = Release;
		};
/* End XCConfigurationList section */
	};
	rootObject = B3EC6DD71CE2CEEF00BC15B8 /* Project object */;
}
